
Microsoft Visual Studio Solution File, Format Version 12.00
# Visual Studio 2013
VisualStudioVersion = 12.0.30723.0
MinimumVisualStudioVersion = 10.0.40219.1
Project("{FAE04EC0-301F-11D3-BF4B-00C04F79EFBC}") = "MrWindows", "MrWindows\MrWindows.csproj", "{8EC5E180-7455-46FD-BFD5-7A16C99EB19D}"
EndProject
Project("{2150E333-8FDC-42A3-9474-1A3956D46DE8}") = "nuget", "nuget", "{FC9BC9C5-348D-48CC-8CAC-C200ABD73425}"
	ProjectSection(SolutionItems) = preProject
		MrWindows\MrWindows.nuspec = MrWindows\MrWindows.nuspec
	EndProjectSection
EndProject
Global
	GlobalSection(SolutionConfigurationPlatforms) = preSolution
		Debug|Any CPU = Debug|Any CPU
		Release|Any CPU = Release|Any CPU
	EndGlobalSection
	GlobalSection(ProjectConfigurationPlatforms) = postSolution
		{8EC5E180-7455-46FD-BFD5-7A16C99EB19D}.Debug|Any CPU.ActiveCfg = Debug|Any CPU
		{8EC5E180-7455-46FD-BFD5-7A16C99EB19D}.Debug|Any CPU.Build.0 = Debug|Any CPU
		{8EC5E180-7455-46FD-BFD5-7A16C99EB19D}.Release|Any CPU.ActiveCfg = Release|Any CPU
		{8EC5E180-7455-46FD-BFD5-7A16C99EB19D}.Release|Any CPU.Build.0 = Release|Any CPU
	EndGlobalSection
	GlobalSection(SolutionProperties) = preSolution
		HideSolutionNode = FALSE
	EndGlobalSection
EndGlobal
